<?xml version="1.0" encoding="UTF-8" standalone="yes" ?>
<CodeBlocks_project_file>
	<FileVersion major="1" minor="6" />
	<Project>
		<Option title="Trabalho" />
		<Option pch_mode="2" />
		<Option compiler="gcc" />
		<Build>
			<Target title="Debug">
				<Option output="bin/Debug/Trabalho" prefix_auto="1" extension_auto="1" />
				<Option object_output="obj/Debug/" />
				<Option type="1" />
				<Option compiler="gcc" />
				<Compiler>
					<Add option="-g" />
					<Add directory="../../../../../../../../Program Files/CodeBlocks/MinGW/include" />
				</Compiler>
				<Linker>
					<Add library="opengl32" />
					<Add library="glu32" />
					<Add library="freeglut" />
					<Add directory="../../../../../../../../Program Files/CodeBlocks/MinGW/lib" />
				</Linker>
			</Target>
			<Target title="Release">
				<Option output="bin/Release/Trabalho" prefix_auto="1" extension_auto="1" />
				<Option object_output="obj/Release/" />
				<Option type="1" />
				<Option compiler="gcc" />
				<Compiler>
					<Add option="-O2" />
				</Compiler>
				<Linker>
					<Add option="-s" />
				</Linker>
			</Target>
		</Build>
		<Compiler>
			<Add option="-Wall" />
		</Compiler>
		<Unit filename="estado.c">
			<Option compilerVar="CC" />
		</Unit>
		<Unit filename="estado.h" />
		<Unit filename="estruturas.h" />
		<Unit filename="interface.c">
			<Option compilerVar="CC" />
		</Unit>
		<Unit filename="interface.h" />
		<Unit filename="listaPoligonos.c">
			<Option compilerVar="CC" />
		</Unit>
		<Unit filename="listaPoligonos.h" />
		<Unit filename="listaPontos.c">
			<Option compilerVar="CC" />
		</Unit>
		<Unit filename="listaPontos.h" />
		<Unit filename="listaRetas.c">
			<Option compilerVar="CC" />
		</Unit>
		<Unit filename="listaRetas.h" />
		<Unit filename="main.c">
			<Option compilerVar="CC" />
		</Unit>
		<Unit filename="menu.c">
			<Option compilerVar="CC" />
		</Unit>
		<Unit filename="menu.h" />
		<Unit filename="transformacoes.c">
			<Option compilerVar="CC" />
		</Unit>
		<Unit filename="transformacoes.h" />
		<Extensions>
			<lib_finder disable_auto="1" />
		</Extensions>
	</Project>
</CodeBlocks_project_file>
